
Microsoft Visual Studio Solution File, Format Version 12.00
# Visual Studio Version 17
VisualStudioVersion = 17.3.32819.101
MinimumVisualStudioVersion = 10.0.40219.1
Project("{FAE04EC0-301F-11D3-BF4B-00C04F79EFBC}") = "GOLStartUp", "GOLStartUp.csproj", "{D79C310A-3577-4DA0-BA33-196FD1DB94FD}"
EndProject
Global
	GlobalSection(SolutionConfigurationPlatforms) = preSolution
		Debug|Any CPU = Debug|Any CPU
		Release|Any CPU = Release|Any CPU
	EndGlobalSection
	GlobalSection(ProjectConfigurationPlatforms) = postSolution
		{D79C310A-3577-4DA0-BA33-196FD1DB94FD}.Debug|Any CPU.ActiveCfg = Debug|Any CPU
		{D79C310A-3577-4DA0-BA33-196FD1DB94FD}.Debug|Any CPU.Build.0 = Debug|Any CPU
		{D79C310A-3577-4DA0-BA33-196FD1DB94FD}.Release|Any CPU.ActiveCfg = Release|Any CPU
		{D79C310A-3577-4DA0-BA33-196FD1DB94FD}.Release|Any CPU.Build.0 = Release|Any CPU
	EndGlobalSection
	GlobalSection(SolutionProperties) = preSolution
		HideSolutionNode = FALSE
	EndGlobalSection
	GlobalSection(ExtensibilityGlobals) = postSolution
		SolutionGuid = {27157068-F5E1-4693-8C1F-B9657AB2D6D4}
	EndGlobalSection
EndGlobal
